
Microsoft Visual Studio Solution File, Format Version 12.00
# Visual Studio Version 17
VisualStudioVersion = 17.1.32421.90
MinimumVisualStudioVersion = 10.0.40219.1
Project("{9A19103F-16F7-4668-BE54-9A1E7A4F7556}") = "MultiDimensionalArraysExamples", "MultiDimensionalArraysExamples\MultiDimensionalArraysExamples.csproj", "{678F1163-D645-4311-9E90-1F34B35EC39F}"
EndProject
Project("{9A19103F-16F7-4668-BE54-9A1E7A4F7556}") = "MatrixSum", "MatrixSum\MatrixSum.csproj", "{462FAED0-0F61-43B5-A9DA-022B2CFFB8E2}"
EndProject
Project("{FAE04EC0-301F-11D3-BF4B-00C04F79EFBC}") = "SumMatrixColumns", "SumMatrixColumns\SumMatrixColumns.csproj", "{46245B9D-0BE0-4C78-A02F-4BD24C82E1FB}"
EndProject
Project("{FAE04EC0-301F-11D3-BF4B-00C04F79EFBC}") = "MatrixSubSuqare2x2Sum", "MatrixSubSuqare2x2Sum\MatrixSubSuqare2x2Sum.csproj", "{CA3DE738-79A1-4678-B576-28A15B09ACF7}"
EndProject
Project("{FAE04EC0-301F-11D3-BF4B-00C04F79EFBC}") = "JaggedArrayModification", "JaggedArrayModification\JaggedArrayModification.csproj", "{CA835B1B-74AC-499B-AB64-C3387E8E5AB5}"
EndProject
Project("{FAE04EC0-301F-11D3-BF4B-00C04F79EFBC}") = "PascalTriangle", "PascalTriangle\PascalTriangle.csproj", "{D002EBEF-7BA8-489E-B519-7F5B15DFBDC5}"
EndProject
Global
	GlobalSection(SolutionConfigurationPlatforms) = preSolution
		Debug|Any CPU = Debug|Any CPU
		Release|Any CPU = Release|Any CPU
	EndGlobalSection
	GlobalSection(ProjectConfigurationPlatforms) = postSolution
		{678F1163-D645-4311-9E90-1F34B35EC39F}.Debug|Any CPU.ActiveCfg = Debug|Any CPU
		{678F1163-D645-4311-9E90-1F34B35EC39F}.Debug|Any CPU.Build.0 = Debug|Any CPU
		{678F1163-D645-4311-9E90-1F34B35EC39F}.Release|Any CPU.ActiveCfg = Release|Any CPU
		{678F1163-D645-4311-9E90-1F34B35EC39F}.Release|Any CPU.Build.0 = Release|Any CPU
		{462FAED0-0F61-43B5-A9DA-022B2CFFB8E2}.Debug|Any CPU.ActiveCfg = Debug|Any CPU
		{462FAED0-0F61-43B5-A9DA-022B2CFFB8E2}.Debug|Any CPU.Build.0 = Debug|Any CPU
		{462FAED0-0F61-43B5-A9DA-022B2CFFB8E2}.Release|Any CPU.ActiveCfg = Release|Any CPU
		{462FAED0-0F61-43B5-A9DA-022B2CFFB8E2}.Release|Any CPU.Build.0 = Release|Any CPU
		{46245B9D-0BE0-4C78-A02F-4BD24C82E1FB}.Debug|Any CPU.ActiveCfg = Debug|Any CPU
		{46245B9D-0BE0-4C78-A02F-4BD24C82E1FB}.Debug|Any CPU.Build.0 = Debug|Any CPU
		{46245B9D-0BE0-4C78-A02F-4BD24C82E1FB}.Release|Any CPU.ActiveCfg = Release|Any CPU
		{46245B9D-0BE0-4C78-A02F-4BD24C82E1FB}.Release|Any CPU.Build.0 = Release|Any CPU
		{CA3DE738-79A1-4678-B576-28A15B09ACF7}.Debug|Any CPU.ActiveCfg = Debug|Any CPU
		{CA3DE738-79A1-4678-B576-28A15B09ACF7}.Debug|Any CPU.Build.0 = Debug|Any CPU
		{CA3DE738-79A1-4678-B576-28A15B09ACF7}.Release|Any CPU.ActiveCfg = Release|Any CPU
		{CA3DE738-79A1-4678-B576-28A15B09ACF7}.Release|Any CPU.Build.0 = Release|Any CPU
		{CA835B1B-74AC-499B-AB64-C3387E8E5AB5}.Debug|Any CPU.ActiveCfg = Debug|Any CPU
		{CA835B1B-74AC-499B-AB64-C3387E8E5AB5}.Debug|Any CPU.Build.0 = Debug|Any CPU
		{CA835B1B-74AC-499B-AB64-C3387E8E5AB5}.Release|Any CPU.ActiveCfg = Release|Any CPU
		{CA835B1B-74AC-499B-AB64-C3387E8E5AB5}.Release|Any CPU.Build.0 = Release|Any CPU
		{D002EBEF-7BA8-489E-B519-7F5B15DFBDC5}.Debug|Any CPU.ActiveCfg = Debug|Any CPU
		{D002EBEF-7BA8-489E-B519-7F5B15DFBDC5}.Debug|Any CPU.Build.0 = Debug|Any CPU
		{D002EBEF-7BA8-489E-B519-7F5B15DFBDC5}.Release|Any CPU.ActiveCfg = Release|Any CPU
		{D002EBEF-7BA8-489E-B519-7F5B15DFBDC5}.Release|Any CPU.Build.0 = Release|Any CPU
	EndGlobalSection
	GlobalSection(SolutionProperties) = preSolution
		HideSolutionNode = FALSE
	EndGlobalSection
	GlobalSection(ExtensibilityGlobals) = postSolution
		SolutionGuid = {6EEEF94E-CB08-4EC3-998A-F683A0937244}
	EndGlobalSection
EndGlobal
